
Microsoft Visual Studio Solution File, Format Version 12.00
# Visual Studio Version 17
VisualStudioVersion = 17.10.35013.160
MinimumVisualStudioVersion = 10.0.40219.1
Project("{8BC9CEB8-8B4A-11D0-8D11-00A0C91BC942}") = "Tasks", "Tasks.vcxproj", "{8D0CDCB5-F0B0-4860-AEE8-CE67D98F8958}"
EndProject
Global
	GlobalSection(SolutionConfigurationPlatforms) = preSolution
		Debug|x64 = Debug|x64
		Release|x64 = Release|x64
	EndGlobalSection
	GlobalSection(ProjectConfigurationPlatforms) = postSolution
		{8D0CDCB5-F0B0-4860-AEE8-CE67D98F8958}.Debug|x64.ActiveCfg = Debug|x64
		{8D0CDCB5-F0B0-4860-AEE8-CE67D98F8958}.Debug|x64.Build.0 = Debug|x64
		{8D0CDCB5-F0B0-4860-AEE8-CE67D98F8958}.Release|x64.ActiveCfg = Release|x64
		{8D0CDCB5-F0B0-4860-AEE8-CE67D98F8958}.Release|x64.Build.0 = Release|x64
	EndGlobalSection
	GlobalSection(SolutionProperties) = preSolution
		HideSolutionNode = FALSE
	EndGlobalSection
	GlobalSection(ExtensibilityGlobals) = postSolution
		SolutionGuid = {BF4E92F6-27FF-42C1-87DC-04098BE0E452}
	EndGlobalSection
EndGlobal
